
Microsoft Visual Studio Solution File, Format Version 12.00
# Visual Studio Version 17
VisualStudioVersion = 17.11.35327.3
MinimumVisualStudioVersion = 10.0.40219.1
Project("{2150E333-8FDC-42A3-9474-1A3956D46DE8}") = "Task0", "Task0", "{4AA10FA5-DD69-4212-AC45-4E4DC5FFFECC}"
EndProject
Project("{9A19103F-16F7-4668-BE54-9A1E7A4F7556}") = "Tyuiu.BurdovKS.Sprint6.Task0.V27.Lib", "Tyuiu.BurdovKS.Sprint6.Task0.V27.Lib\Tyuiu.BurdovKS.Sprint6.Task0.V27.Lib.csproj", "{CBF58B4B-2081-478A-BBB1-2922F34C3D67}"
EndProject
Project("{9A19103F-16F7-4668-BE54-9A1E7A4F7556}") = "Tyuiu.BurdovKS.Sprint6.Task0.V27.Test", "Tyuiu.BurdovKS.Sprint6.Task0.V27.Test\Tyuiu.BurdovKS.Sprint6.Task0.V27.Test.csproj", "{B74209C9-E6DB-4375-95FC-E7F003458D7D}"
EndProject
Project("{9A19103F-16F7-4668-BE54-9A1E7A4F7556}") = "Tyuiu.BurdovKS.Sprint6.Task0.V27", "Tyuiu.BurdovKS.Sprint6.Task0.V27\Tyuiu.BurdovKS.Sprint6.Task0.V27.csproj", "{C4005E8F-67BD-4B07-AADD-AB1E26E22FD3}"
EndProject
Project("{2150E333-8FDC-42A3-9474-1A3956D46DE8}") = "Task1", "Task1", "{8EAE0EE6-8117-4E65-BAEA-B6E892291898}"
EndProject
Project("{9A19103F-16F7-4668-BE54-9A1E7A4F7556}") = "Tyuiu.BurdovKS.Sprint6.Task1.V5.Lib", "Tyuiu.BurdovKS.Sprint6.Task1.V5.Lib\Tyuiu.BurdovKS.Sprint6.Task1.V5.Lib.csproj", "{6C18B0A6-0177-4797-809A-CDDD75969984}"
EndProject
Project("{9A19103F-16F7-4668-BE54-9A1E7A4F7556}") = "Tyuiu.BurdovKS.Sprint6.Task1.V5.Test", "Tyuiu.BurdovKS.Sprint6.Task1.V5.Test\Tyuiu.BurdovKS.Sprint6.Task1.V5.Test.csproj", "{182A4382-4D3F-4924-8B69-B52025A5C957}"
EndProject
Project("{9A19103F-16F7-4668-BE54-9A1E7A4F7556}") = "Tyuiu.BurdovKS.Sprint6.Task1.V5", "Tyuiu.BurdovKS.Sprint6.Task1.V5\Tyuiu.BurdovKS.Sprint6.Task1.V5.csproj", "{71A204C2-E7EF-481B-A3D4-6ED4886FEFF1}"
EndProject
Project("{2150E333-8FDC-42A3-9474-1A3956D46DE8}") = "NewFolder1", "NewFolder1", "{77005222-5256-48A1-855D-BA1E8203B0C7}"
EndProject
Project("{2150E333-8FDC-42A3-9474-1A3956D46DE8}") = "Task2", "Task2", "{4E7A4D9B-B1C9-42DF-925E-6AB6098FDABF}"
EndProject
Project("{9A19103F-16F7-4668-BE54-9A1E7A4F7556}") = "Tyuiu.BurdovKS.Sprint6.Task2.V5.Lib", "Tyuiu.BurdovKS.Sprint6.Task2.V5.Lib\Tyuiu.BurdovKS.Sprint6.Task2.V5.Lib.csproj", "{E9D87E6B-455A-4E69-9CD9-2C1D72960E47}"
EndProject
Project("{9A19103F-16F7-4668-BE54-9A1E7A4F7556}") = "Tyuiu.BurdovKS.Sprint6.Task2.V5.Test", "Tyuiu.BurdovKS.Sprint6.Task2.V5.Test\Tyuiu.BurdovKS.Sprint6.Task2.V5.Test.csproj", "{F9471C4A-7C03-4B1A-BC0E-5D2D3F183EE6}"
EndProject
Project("{9A19103F-16F7-4668-BE54-9A1E7A4F7556}") = "Tyuiu.BurdovKS.Sprint6.Task2.V5", "Tyuiu.BurdovKS.Sprint6.Task2.V5\Tyuiu.BurdovKS.Sprint6.Task2.V5.csproj", "{41222E03-7396-44B3-B3B4-AD1AAE6E6ABD}"
EndProject
Project("{2150E333-8FDC-42A3-9474-1A3956D46DE8}") = "Task3", "Task3", "{AD905EB4-389C-4C3F-AEE6-D5FBE540EB91}"
EndProject
Project("{9A19103F-16F7-4668-BE54-9A1E7A4F7556}") = "Tyuiu.BurdovKS.Sprint6.Task3.V8.Lib", "Tyuiu.BurdovKS.Sprint6.Task3.V8.Lib\Tyuiu.BurdovKS.Sprint6.Task3.V8.Lib.csproj", "{70757529-42AC-4E56-A4D3-1CB92BE15E08}"
EndProject
Project("{9A19103F-16F7-4668-BE54-9A1E7A4F7556}") = "Tyuiu.BurdovKS.Sprint6.Task3.V8.Test", "Tyuiu.BurdovKS.Sprint6.Task3.V8.Test\Tyuiu.BurdovKS.Sprint6.Task3.V8.Test.csproj", "{4DC0EF85-C108-4777-85AF-1CA3480B7E9A}"
EndProject
Project("{9A19103F-16F7-4668-BE54-9A1E7A4F7556}") = "Tyuiu.BurdovKS.Sprint6.Task3.V8", "Tyuiu.BurdovKS.Sprint6.Task3.V8\Tyuiu.BurdovKS.Sprint6.Task3.V8.csproj", "{34B9FAC1-4F09-4611-A86F-2838A4C9F5CA}"
EndProject
Project("{2150E333-8FDC-42A3-9474-1A3956D46DE8}") = "Task4", "Task4", "{3D8CC2C3-DDA0-4179-8164-9A107358B2A0}"
EndProject
Project("{9A19103F-16F7-4668-BE54-9A1E7A4F7556}") = "Tyuiu.BurdovKS.Sprint6.Task4.V20.Lib", "Tyuiu.BurdovKS.Sprint6.Task4.V20.Lib\Tyuiu.BurdovKS.Sprint6.Task4.V20.Lib.csproj", "{E103A7CF-D7ED-415F-B05B-6E145C2949DB}"
EndProject
Project("{9A19103F-16F7-4668-BE54-9A1E7A4F7556}") = "Tyuiu.BurdovKS.Sprint6.Task4.V20.Test", "Tyuiu.BurdovKS.Sprint6.Task4.V20.Test\Tyuiu.BurdovKS.Sprint6.Task4.V20.Test.csproj", "{52E0AA77-9AAB-4C7E-922F-E226A3641B0D}"
EndProject
Project("{9A19103F-16F7-4668-BE54-9A1E7A4F7556}") = "Tyuiu.BurdovKS.Sprint6.Task4.V20", "Tyuiu.BurdovKS.Sprint6.Task4.V20\Tyuiu.BurdovKS.Sprint6.Task4.V20.csproj", "{F5577D52-5121-4C5E-85CF-C00E4303ECC5}"
EndProject
Project("{2150E333-8FDC-42A3-9474-1A3956D46DE8}") = "Task5", "Task5", "{862DC465-0BB4-4341-9EC9-8D79551FF241}"
EndProject
Project("{FAE04EC0-301F-11D3-BF4B-00C04F79EFBC}") = "Tyuiu.BurdovKS.Sprint6.Task5.V25.Lib", "Tyuiu.BurdovKS.Sprint6.Task5.V25.Lib\Tyuiu.BurdovKS.Sprint6.Task5.V25.Lib.csproj", "{4E41B583-A92C-4C59-A300-FBDA7046883F}"
EndProject
Project("{FAE04EC0-301F-11D3-BF4B-00C04F79EFBC}") = "Tyuiu.BurdovKS.Sprint6.Task5.V25.Test", "Tyuiu.BurdovKS.Sprint6.Task5.V25.Test\Tyuiu.BurdovKS.Sprint6.Task5.V25.Test.csproj", "{F99C4AEF-FDD8-45B9-A65E-EB62A25E55F8}"
EndProject
Project("{FAE04EC0-301F-11D3-BF4B-00C04F79EFBC}") = "Tyuiu.BurdovKS.Sprint6.Task5.V25", "Tyuiu.BurdovKS.Sprint6.Task5.V25\Tyuiu.BurdovKS.Sprint6.Task5.V25.csproj", "{2129CA16-CE53-4123-9907-D691FC597CDD}"
EndProject
Global
	GlobalSection(SolutionConfigurationPlatforms) = preSolution
		Debug|Any CPU = Debug|Any CPU
		Release|Any CPU = Release|Any CPU
	EndGlobalSection
	GlobalSection(ProjectConfigurationPlatforms) = postSolution
		{CBF58B4B-2081-478A-BBB1-2922F34C3D67}.Debug|Any CPU.ActiveCfg = Debug|Any CPU
		{CBF58B4B-2081-478A-BBB1-2922F34C3D67}.Debug|Any CPU.Build.0 = Debug|Any CPU
		{CBF58B4B-2081-478A-BBB1-2922F34C3D67}.Release|Any CPU.ActiveCfg = Release|Any CPU
		{CBF58B4B-2081-478A-BBB1-2922F34C3D67}.Release|Any CPU.Build.0 = Release|Any CPU
		{B74209C9-E6DB-4375-95FC-E7F003458D7D}.Debug|Any CPU.ActiveCfg = Debug|Any CPU
		{B74209C9-E6DB-4375-95FC-E7F003458D7D}.Debug|Any CPU.Build.0 = Debug|Any CPU
		{B74209C9-E6DB-4375-95FC-E7F003458D7D}.Release|Any CPU.ActiveCfg = Release|Any CPU
		{B74209C9-E6DB-4375-95FC-E7F003458D7D}.Release|Any CPU.Build.0 = Release|Any CPU
		{C4005E8F-67BD-4B07-AADD-AB1E26E22FD3}.Debug|Any CPU.ActiveCfg = Debug|Any CPU
		{C4005E8F-67BD-4B07-AADD-AB1E26E22FD3}.Debug|Any CPU.Build.0 = Debug|Any CPU
		{C4005E8F-67BD-4B07-AADD-AB1E26E22FD3}.Release|Any CPU.ActiveCfg = Release|Any CPU
		{C4005E8F-67BD-4B07-AADD-AB1E26E22FD3}.Release|Any CPU.Build.0 = Release|Any CPU
		{6C18B0A6-0177-4797-809A-CDDD75969984}.Debug|Any CPU.ActiveCfg = Debug|Any CPU
		{6C18B0A6-0177-4797-809A-CDDD75969984}.Debug|Any CPU.Build.0 = Debug|Any CPU
		{6C18B0A6-0177-4797-809A-CDDD75969984}.Release|Any CPU.ActiveCfg = Release|Any CPU
		{6C18B0A6-0177-4797-809A-CDDD75969984}.Release|Any CPU.Build.0 = Release|Any CPU
		{182A4382-4D3F-4924-8B69-B52025A5C957}.Debug|Any CPU.ActiveCfg = Debug|Any CPU
		{182A4382-4D3F-4924-8B69-B52025A5C957}.Debug|Any CPU.Build.0 = Debug|Any CPU
		{182A4382-4D3F-4924-8B69-B52025A5C957}.Release|Any CPU.ActiveCfg = Release|Any CPU
		{182A4382-4D3F-4924-8B69-B52025A5C957}.Release|Any CPU.Build.0 = Release|Any CPU
		{71A204C2-E7EF-481B-A3D4-6ED4886FEFF1}.Debug|Any CPU.ActiveCfg = Debug|Any CPU
		{71A204C2-E7EF-481B-A3D4-6ED4886FEFF1}.Debug|Any CPU.Build.0 = Debug|Any CPU
		{71A204C2-E7EF-481B-A3D4-6ED4886FEFF1}.Release|Any CPU.ActiveCfg = Release|Any CPU
		{71A204C2-E7EF-481B-A3D4-6ED4886FEFF1}.Release|Any CPU.Build.0 = Release|Any CPU
		{E9D87E6B-455A-4E69-9CD9-2C1D72960E47}.Debug|Any CPU.ActiveCfg = Debug|Any CPU
		{E9D87E6B-455A-4E69-9CD9-2C1D72960E47}.Debug|Any CPU.Build.0 = Debug|Any CPU
		{E9D87E6B-455A-4E69-9CD9-2C1D72960E47}.Release|Any CPU.ActiveCfg = Release|Any CPU
		{E9D87E6B-455A-4E69-9CD9-2C1D72960E47}.Release|Any CPU.Build.0 = Release|Any CPU
		{F9471C4A-7C03-4B1A-BC0E-5D2D3F183EE6}.Debug|Any CPU.ActiveCfg = Debug|Any CPU
		{F9471C4A-7C03-4B1A-BC0E-5D2D3F183EE6}.Debug|Any CPU.Build.0 = Debug|Any CPU
		{F9471C4A-7C03-4B1A-BC0E-5D2D3F183EE6}.Release|Any CPU.ActiveCfg = Release|Any CPU
		{F9471C4A-7C03-4B1A-BC0E-5D2D3F183EE6}.Release|Any CPU.Build.0 = Release|Any CPU
		{41222E03-7396-44B3-B3B4-AD1AAE6E6ABD}.Debug|Any CPU.ActiveCfg = Debug|Any CPU
		{41222E03-7396-44B3-B3B4-AD1AAE6E6ABD}.Debug|Any CPU.Build.0 = Debug|Any CPU
		{41222E03-7396-44B3-B3B4-AD1AAE6E6ABD}.Release|Any CPU.ActiveCfg = Release|Any CPU
		{41222E03-7396-44B3-B3B4-AD1AAE6E6ABD}.Release|Any CPU.Build.0 = Release|Any CPU
		{70757529-42AC-4E56-A4D3-1CB92BE15E08}.Debug|Any CPU.ActiveCfg = Debug|Any CPU
		{70757529-42AC-4E56-A4D3-1CB92BE15E08}.Debug|Any CPU.Build.0 = Debug|Any CPU
		{70757529-42AC-4E56-A4D3-1CB92BE15E08}.Release|Any CPU.ActiveCfg = Release|Any CPU
		{70757529-42AC-4E56-A4D3-1CB92BE15E08}.Release|Any CPU.Build.0 = Release|Any CPU
		{4DC0EF85-C108-4777-85AF-1CA3480B7E9A}.Debug|Any CPU.ActiveCfg = Debug|Any CPU
		{4DC0EF85-C108-4777-85AF-1CA3480B7E9A}.Debug|Any CPU.Build.0 = Debug|Any CPU
		{4DC0EF85-C108-4777-85AF-1CA3480B7E9A}.Release|Any CPU.ActiveCfg = Release|Any CPU
		{4DC0EF85-C108-4777-85AF-1CA3480B7E9A}.Release|Any CPU.Build.0 = Release|Any CPU
		{34B9FAC1-4F09-4611-A86F-2838A4C9F5CA}.Debug|Any CPU.ActiveCfg = Debug|Any CPU
		{34B9FAC1-4F09-4611-A86F-2838A4C9F5CA}.Debug|Any CPU.Build.0 = Debug|Any CPU
		{34B9FAC1-4F09-4611-A86F-2838A4C9F5CA}.Release|Any CPU.ActiveCfg = Release|Any CPU
		{34B9FAC1-4F09-4611-A86F-2838A4C9F5CA}.Release|Any CPU.Build.0 = Release|Any CPU
		{E103A7CF-D7ED-415F-B05B-6E145C2949DB}.Debug|Any CPU.ActiveCfg = Debug|Any CPU
		{E103A7CF-D7ED-415F-B05B-6E145C2949DB}.Debug|Any CPU.Build.0 = Debug|Any CPU
		{E103A7CF-D7ED-415F-B05B-6E145C2949DB}.Release|Any CPU.ActiveCfg = Release|Any CPU
		{E103A7CF-D7ED-415F-B05B-6E145C2949DB}.Release|Any CPU.Build.0 = Release|Any CPU
		{52E0AA77-9AAB-4C7E-922F-E226A3641B0D}.Debug|Any CPU.ActiveCfg = Debug|Any CPU
		{52E0AA77-9AAB-4C7E-922F-E226A3641B0D}.Debug|Any CPU.Build.0 = Debug|Any CPU
		{52E0AA77-9AAB-4C7E-922F-E226A3641B0D}.Release|Any CPU.ActiveCfg = Release|Any CPU
		{52E0AA77-9AAB-4C7E-922F-E226A3641B0D}.Release|Any CPU.Build.0 = Release|Any CPU
		{F5577D52-5121-4C5E-85CF-C00E4303ECC5}.Debug|Any CPU.ActiveCfg = Debug|Any CPU
		{F5577D52-5121-4C5E-85CF-C00E4303ECC5}.Debug|Any CPU.Build.0 = Debug|Any CPU
		{F5577D52-5121-4C5E-85CF-C00E4303ECC5}.Release|Any CPU.ActiveCfg = Release|Any CPU
		{F5577D52-5121-4C5E-85CF-C00E4303ECC5}.Release|Any CPU.Build.0 = Release|Any CPU
		{4E41B583-A92C-4C59-A300-FBDA7046883F}.Debug|Any CPU.ActiveCfg = Debug|Any CPU
		{4E41B583-A92C-4C59-A300-FBDA7046883F}.Debug|Any CPU.Build.0 = Debug|Any CPU
		{4E41B583-A92C-4C59-A300-FBDA7046883F}.Release|Any CPU.ActiveCfg = Release|Any CPU
		{4E41B583-A92C-4C59-A300-FBDA7046883F}.Release|Any CPU.Build.0 = Release|Any CPU
		{F99C4AEF-FDD8-45B9-A65E-EB62A25E55F8}.Debug|Any CPU.ActiveCfg = Debug|Any CPU
		{F99C4AEF-FDD8-45B9-A65E-EB62A25E55F8}.Debug|Any CPU.Build.0 = Debug|Any CPU
		{F99C4AEF-FDD8-45B9-A65E-EB62A25E55F8}.Release|Any CPU.ActiveCfg = Release|Any CPU
		{F99C4AEF-FDD8-45B9-A65E-EB62A25E55F8}.Release|Any CPU.Build.0 = Release|Any CPU
		{2129CA16-CE53-4123-9907-D691FC597CDD}.Debug|Any CPU.ActiveCfg = Debug|Any CPU
		{2129CA16-CE53-4123-9907-D691FC597CDD}.Debug|Any CPU.Build.0 = Debug|Any CPU
		{2129CA16-CE53-4123-9907-D691FC597CDD}.Release|Any CPU.ActiveCfg = Release|Any CPU
		{2129CA16-CE53-4123-9907-D691FC597CDD}.Release|Any CPU.Build.0 = Release|Any CPU
	EndGlobalSection
	GlobalSection(SolutionProperties) = preSolution
		HideSolutionNode = FALSE
	EndGlobalSection
	GlobalSection(NestedProjects) = preSolution
		{CBF58B4B-2081-478A-BBB1-2922F34C3D67} = {4AA10FA5-DD69-4212-AC45-4E4DC5FFFECC}
		{B74209C9-E6DB-4375-95FC-E7F003458D7D} = {4AA10FA5-DD69-4212-AC45-4E4DC5FFFECC}
		{C4005E8F-67BD-4B07-AADD-AB1E26E22FD3} = {4AA10FA5-DD69-4212-AC45-4E4DC5FFFECC}
		{6C18B0A6-0177-4797-809A-CDDD75969984} = {8EAE0EE6-8117-4E65-BAEA-B6E892291898}
		{182A4382-4D3F-4924-8B69-B52025A5C957} = {8EAE0EE6-8117-4E65-BAEA-B6E892291898}
		{71A204C2-E7EF-481B-A3D4-6ED4886FEFF1} = {8EAE0EE6-8117-4E65-BAEA-B6E892291898}
		{E9D87E6B-455A-4E69-9CD9-2C1D72960E47} = {4E7A4D9B-B1C9-42DF-925E-6AB6098FDABF}
		{F9471C4A-7C03-4B1A-BC0E-5D2D3F183EE6} = {4E7A4D9B-B1C9-42DF-925E-6AB6098FDABF}
		{41222E03-7396-44B3-B3B4-AD1AAE6E6ABD} = {4E7A4D9B-B1C9-42DF-925E-6AB6098FDABF}
		{70757529-42AC-4E56-A4D3-1CB92BE15E08} = {AD905EB4-389C-4C3F-AEE6-D5FBE540EB91}
		{4DC0EF85-C108-4777-85AF-1CA3480B7E9A} = {AD905EB4-389C-4C3F-AEE6-D5FBE540EB91}
		{34B9FAC1-4F09-4611-A86F-2838A4C9F5CA} = {AD905EB4-389C-4C3F-AEE6-D5FBE540EB91}
		{E103A7CF-D7ED-415F-B05B-6E145C2949DB} = {3D8CC2C3-DDA0-4179-8164-9A107358B2A0}
		{52E0AA77-9AAB-4C7E-922F-E226A3641B0D} = {3D8CC2C3-DDA0-4179-8164-9A107358B2A0}
		{F5577D52-5121-4C5E-85CF-C00E4303ECC5} = {3D8CC2C3-DDA0-4179-8164-9A107358B2A0}
		{4E41B583-A92C-4C59-A300-FBDA7046883F} = {862DC465-0BB4-4341-9EC9-8D79551FF241}
		{F99C4AEF-FDD8-45B9-A65E-EB62A25E55F8} = {862DC465-0BB4-4341-9EC9-8D79551FF241}
		{2129CA16-CE53-4123-9907-D691FC597CDD} = {862DC465-0BB4-4341-9EC9-8D79551FF241}
	EndGlobalSection
	GlobalSection(ExtensibilityGlobals) = postSolution
		SolutionGuid = {E6FF2622-2FE7-487E-BEDF-CB7C6082D275}
	EndGlobalSection
EndGlobal
